// !$*UTF8*$!
{
	archiveVersion = 1;
	classes = {
	};
	objectVersion = 56;
	objects = {

/* Begin PBXBuildFile section */
		7D131E772C0C748A008FD945 /* alias_gameApp.swift in Sources */ = {isa = PBXBuildFile; fileRef = 7D131E762C0C748A008FD945 /* alias_gameApp.swift */; };
		7D131E792C0C748A008FD945 /* ContentView.swift in Sources */ = {isa = PBXBuildFile; fileRef = 7D131E782C0C748A008FD945 /* ContentView.swift */; };
		7D131E7B2C0C748B008FD945 /* Assets.xcassets in Resources */ = {isa = PBXBuildFile; fileRef = 7D131E7A2C0C748B008FD945 /* Assets.xcassets */; };
		7D131E7E2C0C748B008FD945 /* Preview Assets.xcassets in Resources */ = {isa = PBXBuildFile; fileRef = 7D131E7D2C0C748B008FD945 /* Preview Assets.xcassets */; };
		7D131E882C0C748B008FD945 /* alias_gameTests.swift in Sources */ = {isa = PBXBuildFile; fileRef = 7D131E872C0C748B008FD945 /* alias_gameTests.swift */; };
		7D131E922C0C748B008FD945 /* alias_gameUITests.swift in Sources */ = {isa = PBXBuildFile; fileRef = 7D131E912C0C748B008FD945 /* alias_gameUITests.swift */; };
		7D131E942C0C748B008FD945 /* alias_gameUITestsLaunchTests.swift in Sources */ = {isa = PBXBuildFile; fileRef = 7D131E932C0C748B008FD945 /* alias_gameUITestsLaunchTests.swift */; };
		7D131EA12C0C78A1008FD945 /* ResultView.swift in Sources */ = {isa = PBXBuildFile; fileRef = 7D131EA02C0C78A1008FD945 /* ResultView.swift */; };
		7D131EA32C0C78B2008FD945 /* SetupView.swift in Sources */ = {isa = PBXBuildFile; fileRef = 7D131EA22C0C78B2008FD945 /* SetupView.swift */; };
		7D131EA52C0C78BE008FD945 /* GameView.swift in Sources */ = {isa = PBXBuildFile; fileRef = 7D131EA42C0C78BE008FD945 /* GameView.swift */; };
		7D131EA82C0C7D06008FD945 /* docs in Sources */ = {isa = PBXBuildFile; fileRef = 7D131EA72C0C7D06008FD945 /* docs */; };
/* End PBXBuildFile section */

/* Begin PBXContainerItemProxy section */
		7D131E842C0C748B008FD945 /* PBXContainerItemProxy */ = {
			isa = PBXContainerItemProxy;
			containerPortal = 7D131E6B2C0C748A008FD945 /* Project object */;
			proxyType = 1;
			remoteGlobalIDString = 7D131E722C0C748A008FD945;
			remoteInfo = "alias-game";
		};
		7D131E8E2C0C748B008FD945 /* PBXContainerItemProxy */ = {
			isa = PBXContainerItemProxy;
			containerPortal = 7D131E6B2C0C748A008FD945 /* Project object */;
			proxyType = 1;
			remoteGlobalIDString = 7D131E722C0C748A008FD945;
			remoteInfo = "alias-game";
		};
/* End PBXContainerItemProxy section */

/* Begin PBXFileReference section */
		7D131E732C0C748A008FD945 /* alias-game.app */ = {isa = PBXFileReference; explicitFileType = wrapper.application; includeInIndex = 0; path = "alias-game.app"; sourceTree = BUILT_PRODUCTS_DIR; };
		7D131E762C0C748A008FD945 /* alias_gameApp.swift */ = {isa = PBXFileReference; lastKnownFileType = sourcecode.swift; path = alias_gameApp.swift; sourceTree = "<group>"; };
		7D131E782C0C748A008FD945 /* ContentView.swift */ = {isa = PBXFileReference; lastKnownFileType = sourcecode.swift; path = ContentView.swift; sourceTree = "<group>"; };
		7D131E7A2C0C748B008FD945 /* Assets.xcassets */ = {isa = PBXFileReference; lastKnownFileType = folder.assetcatalog; path = Assets.xcassets; sourceTree = "<group>"; };
		7D131E7D2C0C748B008FD945 /* Preview Assets.xcassets */ = {isa = PBXFileReference; lastKnownFileType = folder.assetcatalog; path = "Preview Assets.xcassets"; sourceTree = "<group>"; };
		7D131E832C0C748B008FD945 /* alias-gameTests.xctest */ = {isa = PBXFileReference; explicitFileType = wrapper.cfbundle; includeInIndex = 0; path = "alias-gameTests.xctest"; sourceTree = BUILT_PRODUCTS_DIR; };
		7D131E872C0C748B008FD945 /* alias_gameTests.swift */ = {isa = PBXFileReference; lastKnownFileType = sourcecode.swift; path = alias_gameTests.swift; sourceTree = "<group>"; };
		7D131E8D2C0C748B008FD945 /* alias-gameUITests.xctest */ = {isa = PBXFileReference; explicitFileType = wrapper.cfbundle; includeInIndex = 0; path = "alias-gameUITests.xctest"; sourceTree = BUILT_PRODUCTS_DIR; };
		7D131E912C0C748B008FD945 /* alias_gameUITests.swift */ = {isa = PBXFileReference; lastKnownFileType = sourcecode.swift; path = alias_gameUITests.swift; sourceTree = "<group>"; };
		7D131E932C0C748B008FD945 /* alias_gameUITestsLaunchTests.swift */ = {isa = PBXFileReference; lastKnownFileType = sourcecode.swift; path = alias_gameUITestsLaunchTests.swift; sourceTree = "<group>"; };
		7D131EA02C0C78A1008FD945 /* ResultView.swift */ = {isa = PBXFileReference; lastKnownFileType = sourcecode.swift; path = ResultView.swift; sourceTree = "<group>"; };
		7D131EA22C0C78B2008FD945 /* SetupView.swift */ = {isa = PBXFileReference; lastKnownFileType = sourcecode.swift; path = SetupView.swift; sourceTree = "<group>"; };
		7D131EA42C0C78BE008FD945 /* GameView.swift */ = {isa = PBXFileReference; lastKnownFileType = sourcecode.swift; path = GameView.swift; sourceTree = "<group>"; };
		7D131EA62C0C7C26008FD945 /* readme.md */ = {isa = PBXFileReference; lastKnownFileType = net.daringfireball.markdown; path = readme.md; sourceTree = "<group>"; };
		7D131EA72C0C7D06008FD945 /* docs */ = {isa = PBXFileReference; lastKnownFileType = folder; path = docs; sourceTree = "<group>"; };
/* End PBXFileReference section */

/* Begin PBXFrameworksBuildPhase section */
		7D131E702C0C748A008FD945 /* Frameworks */ = {
			isa = PBXFrameworksBuildPhase;
			buildActionMask = 2147483647;
			files = (
			);
			runOnlyForDeploymentPostprocessing = 0;
		};
		7D131E802C0C748B008FD945 /* Frameworks */ = {
			isa = PBXFrameworksBuildPhase;
			buildActionMask = 2147483647;
			files = (
			);
			runOnlyForDeploymentPostprocessing = 0;
		};
		7D131E8A2C0C748B008FD945 /* Frameworks */ = {
			isa = PBXFrameworksBuildPhase;
			buildActionMask = 2147483647;
			files = (
			);
			runOnlyForDeploymentPostprocessing = 0;
		};
/* End PBXFrameworksBuildPhase section */

/* Begin PBXGroup section */
		7D131E6A2C0C748A008FD945 = {
			isa = PBXGroup;
			children = (
				7D131EA62C0C7C26008FD945 /* readme.md */,
				7D131EA72C0C7D06008FD945 /* docs */,
				7D131E752C0C748A008FD945 /* alias-game */,
				7D131E862C0C748B008FD945 /* alias-gameTests */,
				7D131E902C0C748B008FD945 /* alias-gameUITests */,
				7D131E742C0C748A008FD945 /* Products */,
			);
			sourceTree = "<group>";
		};
		7D131E742C0C748A008FD945 /* Products */ = {
			isa = PBXGroup;
			children = (
				7D131E732C0C748A008FD945 /* alias-game.app */,
				7D131E832C0C748B008FD945 /* alias-gameTests.xctest */,
				7D131E8D2C0C748B008FD945 /* alias-gameUITests.xctest */,
			);
			name = Products;
			sourceTree = "<group>";
		};
		7D131E752C0C748A008FD945 /* alias-game */ = {
			isa = PBXGroup;
			children = (
				7D131E762C0C748A008FD945 /* alias_gameApp.swift */,
				7D131E782C0C748A008FD945 /* ContentView.swift */,
				7D131EA02C0C78A1008FD945 /* ResultView.swift */,
				7D131EA22C0C78B2008FD945 /* SetupView.swift */,
				7D131EA42C0C78BE008FD945 /* GameView.swift */,
				7D131E7A2C0C748B008FD945 /* Assets.xcassets */,
				7D131E7C2C0C748B008FD945 /* Preview Content */,
			);
			path = "alias-game";
			sourceTree = "<group>";
		};
		7D131E7C2C0C748B008FD945 /* Preview Content */ = {
			isa = PBXGroup;
			children = (
				7D131E7D2C0C748B008FD945 /* Preview Assets.xcassets */,
			);
			path = "Preview Content";
			sourceTree = "<group>";
		};
		7D131E862C0C748B008FD945 /* alias-gameTests */ = {
			isa = PBXGroup;
			children = (
				7D131E872C0C748B008FD945 /* alias_gameTests.swift */,
			);
			path = "alias-gameTests";
			sourceTree = "<group>";
		};
		7D131E902C0C748B008FD945 /* alias-gameUITests */ = {
			isa = PBXGroup;
			children = (
				7D131E912C0C748B008FD945 /* alias_gameUITests.swift */,
				7D131E932C0C748B008FD945 /* alias_gameUITestsLaunchTests.swift */,
			);
			path = "alias-gameUITests";
			sourceTree = "<group>";
		};
/* End PBXGroup section */

/* Begin PBXNativeTarget section */
		7D131E722C0C748A008FD945 /* alias-game */ = {
			isa = PBXNativeTarget;
			buildConfigurationList = 7D131E972C0C748B008FD945 /* Build configuration list for PBXNativeTarget "alias-game" */;
			buildPhases = (
				7D131E6F2C0C748A008FD945 /* Sources */,
				7D131E702C0C748A008FD945 /* Frameworks */,
				7D131E712C0C748A008FD945 /* Resources */,
			);
			buildRules = (
			);
			dependencies = (
			);
			name = "alias-game";
			productName = "alias-game";
			productReference = 7D131E732C0C748A008FD945 /* alias-game.app */;
			productType = "com.apple.product-type.application";
		};
		7D131E822C0C748B008FD945 /* alias-gameTests */ = {
			isa = PBXNativeTarget;
			buildConfigurationList = 7D131E9A2C0C748B008FD945 /* Build configuration list for PBXNativeTarget "alias-gameTests" */;
			buildPhases = (
				7D131E7F2C0C748B008FD945 /* Sources */,
				7D131E802C0C748B008FD945 /* Frameworks */,
				7D131E812C0C748B008FD945 /* Resources */,
			);
			buildRules = (
			);
			dependencies = (
				7D131E852C0C748B008FD945 /* PBXTargetDependency */,
			);
			name = "alias-gameTests";
			productName = "alias-gameTests";
			productReference = 7D131E832C0C748B008FD945 /* alias-gameTests.xctest */;
			productType = "com.apple.product-type.bundle.unit-test";
		};
		7D131E8C2C0C748B008FD945 /* alias-gameUITests */ = {
			isa = PBXNativeTarget;
			buildConfigurationList = 7D131E9D2C0C748B008FD945 /* Build configuration list for PBXNativeTarget "alias-gameUITests" */;
			buildPhases = (
				7D131E892C0C748B008FD945 /* Sources */,
				7D131E8A2C0C748B008FD945 /* Frameworks */,
				7D131E8B2C0C748B008FD945 /* Resources */,
			);
			buildRules = (
			);
			dependencies = (
				7D131E8F2C0C748B008FD945 /* PBXTargetDependency */,
			);
			name = "alias-gameUITests";
			productName = "alias-gameUITests";
			productReference = 7D131E8D2C0C748B008FD945 /* alias-gameUITests.xctest */;
			productType = "com.apple.product-type.bundle.ui-testing";
		};
/* End PBXNativeTarget section */

/* Begin PBXProject section */
		7D131E6B2C0C748A008FD945 /* Project object */ = {
			isa = PBXProject;
			attributes = {
				BuildIndependentTargetsInParallel = 1;
				LastSwiftUpdateCheck = 1540;
				LastUpgradeCheck = 1540;
				TargetAttributes = {
					7D131E722C0C748A008FD945 = {
						CreatedOnToolsVersion = 15.4;
					};
					7D131E822C0C748B008FD945 = {
						CreatedOnToolsVersion = 15.4;
						TestTargetID = 7D131E722C0C748A008FD945;
					};
					7D131E8C2C0C748B008FD945 = {
						CreatedOnToolsVersion = 15.4;
						TestTargetID = 7D131E722C0C748A008FD945;
					};
				};
			};
			buildConfigurationList = 7D131E6E2C0C748A008FD945 /* Build configuration list for PBXProject "alias-game" */;
			compatibilityVersion = "Xcode 14.0";
			developmentRegion = en;
			hasScannedForEncodings = 0;
			knownRegions = (
				en,
				Base,
			);
			mainGroup = 7D131E6A2C0C748A008FD945;
			productRefGroup = 7D131E742C0C748A008FD945 /* Products */;
			projectDirPath = "";
			projectRoot = "";
			targets = (
				7D131E722C0C748A008FD945 /* alias-game */,
				7D131E822C0C748B008FD945 /* alias-gameTests */,
				7D131E8C2C0C748B008FD945 /* alias-gameUITests */,
			);
		};
/* End PBXProject section */

/* Begin PBXResourcesBuildPhase section */
		7D131E712C0C748A008FD945 /* Resources */ = {
			isa = PBXResourcesBuildPhase;
			buildActionMask = 2147483647;
			files = (
				7D131E7E2C0C748B008FD945 /* Preview Assets.xcassets in Resources */,
				7D131E7B2C0C748B008FD945 /* Assets.xcassets in Resources */,
			);
			runOnlyForDeploymentPostprocessing = 0;
		};
		7D131E812C0C748B008FD945 /* Resources */ = {
			isa = PBXResourcesBuildPhase;
			buildActionMask = 2147483647;
			files = (
			);
			runOnlyForDeploymentPostprocessing = 0;
		};
		7D131E8B2C0C748B008FD945 /* Resources */ = {
			isa = PBXResourcesBuildPhase;
			buildActionMask = 2147483647;
			files = (
			);
			runOnlyForDeploymentPostprocessing = 0;
		};
/* End PBXResourcesBuildPhase section */

/* Begin PBXSourcesBuildPhase section */
		7D131E6F2C0C748A008FD945 /* Sources */ = {
			isa = PBXSourcesBuildPhase;
			buildActionMask = 2147483647;
			files = (
				7D131E792C0C748A008FD945 /* ContentView.swift in Sources */,
				7D131EA82C0C7D06008FD945 /* docs in Sources */,
				7D131E772C0C748A008FD945 /* alias_gameApp.swift in Sources */,
				7D131EA32C0C78B2008FD945 /* SetupView.swift in Sources */,
				7D131EA12C0C78A1008FD945 /* ResultView.swift in Sources */,
				7D131EA52C0C78BE008FD945 /* GameView.swift in Sources */,
			);
			runOnlyForDeploymentPostprocessing = 0;
		};
		7D131E7F2C0C748B008FD945 /* Sources */ = {
			isa = PBXSourcesBuildPhase;
			buildActionMask = 2147483647;
			files = (
				7D131E882C0C748B008FD945 /* alias_gameTests.swift in Sources */,
			);
			runOnlyForDeploymentPostprocessing = 0;
		};
		7D131E892C0C748B008FD945 /* Sources */ = {
			isa = PBXSourcesBuildPhase;
			buildActionMask = 2147483647;
			files = (
				7D131E922C0C748B008FD945 /* alias_gameUITests.swift in Sources */,
				7D131E942C0C748B008FD945 /* alias_gameUITestsLaunchTests.swift in Sources */,
			);
			runOnlyForDeploymentPostprocessing = 0;
		};
/* End PBXSourcesBuildPhase section */

/* Begin PBXTargetDependency section */
		7D131E852C0C748B008FD945 /* PBXTargetDependency */ = {
			isa = PBXTargetDependency;
			target = 7D131E722C0C748A008FD945 /* alias-game */;
			targetProxy = 7D131E842C0C748B008FD945 /* PBXContainerItemProxy */;
		};
		7D131E8F2C0C748B008FD945 /* PBXTargetDependency */ = {
			isa = PBXTargetDependency;
			target = 7D131E722C0C748A008FD945 /* alias-game */;
			targetProxy = 7D131E8E2C0C748B008FD945 /* PBXContainerItemProxy */;
		};
/* End PBXTargetDependency section */

/* Begin XCBuildConfiguration section */
		7D131E952C0C748B008FD945 /* Debug */ = {
			isa = XCBuildConfiguration;
			buildSettings = {
				ALWAYS_SEARCH_USER_PATHS = NO;
				ASSETCATALOG_COMPILER_GENERATE_SWIFT_ASSET_SYMBOL_EXTENSIONS = YES;
				CLANG_ANALYZER_NONNULL = YES;
				CLANG_ANALYZER_NUMBER_OBJECT_CONVERSION = YES_AGGRESSIVE;
				CLANG_CXX_LANGUAGE_STANDARD = "gnu++20";
				CLANG_ENABLE_MODULES = YES;
				CLANG_ENABLE_OBJC_ARC = YES;
				CLANG_ENABLE_OBJC_WEAK = YES;
				CLANG_WARN_BLOCK_CAPTURE_AUTORELEASING = YES;
				CLANG_WARN_BOOL_CONVERSION = YES;
				CLANG_WARN_COMMA = YES;
				CLANG_WARN_CONSTANT_CONVERSION = YES;
				CLANG_WARN_DEPRECATED_OBJC_IMPLEMENTATIONS = YES;
				CLANG_WARN_DIRECT_OBJC_ISA_USAGE = YES_ERROR;
				CLANG_WARN_DOCUMENTATION_COMMENTS = YES;
				CLANG_WARN_EMPTY_BODY = YES;
				CLANG_WARN_ENUM_CONVERSION = YES;
				CLANG_WARN_INFINITE_RECURSION = YES;
				CLANG_WARN_INT_CONVERSION = YES;
				CLANG_WARN_NON_LITERAL_NULL_CONVERSION = YES;
				CLANG_WARN_OBJC_IMPLICIT_RETAIN_SELF = YES;
				CLANG_WARN_OBJC_LITERAL_CONVERSION = YES;
				CLANG_WARN_OBJC_ROOT_CLASS = YES_ERROR;
				CLANG_WARN_QUOTED_INCLUDE_IN_FRAMEWORK_HEADER = YES;
				CLANG_WARN_RANGE_LOOP_ANALYSIS = YES;
				CLANG_WARN_STRICT_PROTOTYPES = YES;
				CLANG_WARN_SUSPICIOUS_MOVE = YES;
				CLANG_WARN_UNGUARDED_AVAILABILITY = YES_AGGRESSIVE;
				CLANG_WARN_UNREACHABLE_CODE = YES;
				CLANG_WARN__DUPLICATE_METHOD_MATCH = YES;
				COPY_PHASE_STRIP = NO;
				DEBUG_INFORMATION_FORMAT = dwarf;
				ENABLE_STRICT_OBJC_MSGSEND = YES;
				ENABLE_TESTABILITY = YES;
				ENABLE_USER_SCRIPT_SANDBOXING = YES;
				GCC_C_LANGUAGE_STANDARD = gnu17;
				GCC_DYNAMIC_NO_PIC = NO;
				GCC_NO_COMMON_BLOCKS = YES;
				GCC_OPTIMIZATION_LEVEL = 0;
				GCC_PREPROCESSOR_DEFINITIONS = (
					"DEBUG=1",
					"$(inherited)",
				);
				GCC_WARN_64_TO_32_BIT_CONVERSION = YES;
				GCC_WARN_ABOUT_RETURN_TYPE = YES_ERROR;
				GCC_WARN_UNDECLARED_SELECTOR = YES;
				GCC_WARN_UNINITIALIZED_AUTOS = YES_AGGRESSIVE;
				GCC_WARN_UNUSED_FUNCTION = YES;
				GCC_WARN_UNUSED_VARIABLE = YES;
				IPHONEOS_DEPLOYMENT_TARGET = 17.5;
				LOCALIZATION_PREFERS_STRING_CATALOGS = YES;
				MTL_ENABLE_DEBUG_INFO = INCLUDE_SOURCE;
				MTL_FAST_MATH = YES;
				ONLY_ACTIVE_ARCH = YES;
				SDKROOT = iphoneos;
				SWIFT_ACTIVE_COMPILATION_CONDITIONS = "DEBUG $(inherited)";
				SWIFT_OPTIMIZATION_LEVEL = "-Onone";
			};
			name = Debug;
		};
		7D131E962C0C748B008FD945 /* Release */ = {
			isa = XCBuildConfiguration;
			buildSettings = {
				ALWAYS_SEARCH_USER_PATHS = NO;
				ASSETCATALOG_COMPILER_GENERATE_SWIFT_ASSET_SYMBOL_EXTENSIONS = YES;
				CLANG_ANALYZER_NONNULL = YES;
				CLANG_ANALYZER_NUMBER_OBJECT_CONVERSION = YES_AGGRESSIVE;
				CLANG_CXX_LANGUAGE_STANDARD = "gnu++20";
				CLANG_ENABLE_MODULES = YES;
				CLANG_ENABLE_OBJC_ARC = YES;
				CLANG_ENABLE_OBJC_WEAK = YES;
				CLANG_WARN_BLOCK_CAPTURE_AUTORELEASING = YES;
				CLANG_WARN_BOOL_CONVERSION = YES;
				CLANG_WARN_COMMA = YES;
				CLANG_WARN_CONSTANT_CONVERSION = YES;
				CLANG_WARN_DEPRECATED_OBJC_IMPLEMENTATIONS = YES;
				CLANG_WARN_DIRECT_OBJC_ISA_USAGE = YES_ERROR;
				CLANG_WARN_DOCUMENTATION_COMMENTS = YES;
				CLANG_WARN_EMPTY_BODY = YES;
				CLANG_WARN_ENUM_CONVERSION = YES;
				CLANG_WARN_INFINITE_RECURSION = YES;
				CLANG_WARN_INT_CONVERSION = YES;
				CLANG_WARN_NON_LITERAL_NULL_CONVERSION = YES;
				CLANG_WARN_OBJC_IMPLICIT_RETAIN_SELF = YES;
				CLANG_WARN_OBJC_LITERAL_CONVERSION = YES;
				CLANG_WARN_OBJC_ROOT_CLASS = YES_ERROR;
				CLANG_WARN_QUOTED_INCLUDE_IN_FRAMEWORK_HEADER = YES;
				CLANG_WARN_RANGE_LOOP_ANALYSIS = YES;
				CLANG_WARN_STRICT_PROTOTYPES = YES;
				CLANG_WARN_SUSPICIOUS_MOVE = YES;
				CLANG_WARN_UNGUARDED_AVAILABILITY = YES_AGGRESSIVE;
				CLANG_WARN_UNREACHABLE_CODE = YES;
				CLANG_WARN__DUPLICATE_METHOD_MATCH = YES;
				COPY_PHASE_STRIP = NO;
				DEBUG_INFORMATION_FORMAT = "dwarf-with-dsym";
				ENABLE_NS_ASSERTIONS = NO;
				ENABLE_STRICT_OBJC_MSGSEND = YES;
				ENABLE_USER_SCRIPT_SANDBOXING = YES;
				GCC_C_LANGUAGE_STANDARD = gnu17;
				GCC_NO_COMMON_BLOCKS = YES;
				GCC_WARN_64_TO_32_BIT_CONVERSION = YES;
				GCC_WARN_ABOUT_RETURN_TYPE = YES_ERROR;
				GCC_WARN_UNDECLARED_SELECTOR = YES;
				GCC_WARN_UNINITIALIZED_AUTOS = YES_AGGRESSIVE;
				GCC_WARN_UNUSED_FUNCTION = YES;
				GCC_WARN_UNUSED_VARIABLE = YES;
				IPHONEOS_DEPLOYMENT_TARGET = 17.5;
				LOCALIZATION_PREFERS_STRING_CATALOGS = YES;
				MTL_ENABLE_DEBUG_INFO = NO;
				MTL_FAST_MATH = YES;
				SDKROOT = iphoneos;
				SWIFT_COMPILATION_MODE = wholemodule;
				VALIDATE_PRODUCT = YES;
			};
			name = Release;
		};
		7D131E982C0C748B008FD945 /* Debug */ = {
			isa = XCBuildConfiguration;
			buildSettings = {
				ASSETCATALOG_COMPILER_APPICON_NAME = AppIcon;
				ASSETCATALOG_COMPILER_GLOBAL_ACCENT_COLOR_NAME = AccentColor;
				CODE_SIGN_STYLE = Automatic;
				CURRENT_PROJECT_VERSION = 1;
				DEVELOPMENT_ASSET_PATHS = "\"alias-game/Preview Content\"";
				ENABLE_PREVIEWS = YES;
				GENERATE_INFOPLIST_FILE = YES;
				INFOPLIST_KEY_UIApplicationSceneManifest_Generation = YES;
				INFOPLIST_KEY_UIApplicationSupportsIndirectInputEvents = YES;
				INFOPLIST_KEY_UILaunchScreen_Generation = YES;
				INFOPLIST_KEY_UISupportedInterfaceOrientations_iPad = "UIInterfaceOrientationPortrait UIInterfaceOrientationPortraitUpsideDown UIInterfaceOrientationLandscapeLeft UIInterfaceOrientationLandscapeRight";
				INFOPLIST_KEY_UISupportedInterfaceOrientations_iPhone = "UIInterfaceOrientationPortrait UIInterfaceOrientationLandscapeLeft UIInterfaceOrientationLandscapeRight";
				LD_RUNPATH_SEARCH_PATHS = (
					"$(inherited)",
					"@executable_path/Frameworks",
				);
				MARKETING_VERSION = 1.0;
				PRODUCT_BUNDLE_IDENTIFIER = "the2rage.alias-game";
				PRODUCT_NAME = "$(TARGET_NAME)";
				SWIFT_EMIT_LOC_STRINGS = YES;
				SWIFT_VERSION = 5.0;
				TARGETED_DEVICE_FAMILY = "1,2";
			};
			name = Debug;
		};
		7D131E992C0C748B008FD945 /* Release */ = {
			isa = XCBuildConfiguration;
			buildSettings = {
				ASSETCATALOG_COMPILER_APPICON_NAME = AppIcon;
				ASSETCATALOG_COMPILER_GLOBAL_ACCENT_COLOR_NAME = AccentColor;
				CODE_SIGN_STYLE = Automatic;
				CURRENT_PROJECT_VERSION = 1;
				DEVELOPMENT_ASSET_PATHS = "\"alias-game/Preview Content\"";
				ENABLE_PREVIEWS = YES;
				GENERATE_INFOPLIST_FILE = YES;
				INFOPLIST_KEY_UIApplicationSceneManifest_Generation = YES;
				INFOPLIST_KEY_UIApplicationSupportsIndirectInputEvents = YES;
				INFOPLIST_KEY_UILaunchScreen_Generation = YES;
				INFOPLIST_KEY_UISupportedInterfaceOrientations_iPad = "UIInterfaceOrientationPortrait UIInterfaceOrientationPortraitUpsideDown UIInterfaceOrientationLandscapeLeft UIInterfaceOrientationLandscapeRight";
				INFOPLIST_KEY_UISupportedInterfaceOrientations_iPhone = "UIInterfaceOrientationPortrait UIInterfaceOrientationLandscapeLeft UIInterfaceOrientationLandscapeRight";
				LD_RUNPATH_SEARCH_PATHS = (
					"$(inherited)",
					"@executable_path/Frameworks",
				);
				MARKETING_VERSION = 1.0;
				PRODUCT_BUNDLE_IDENTIFIER = "the2rage.alias-game";
				PRODUCT_NAME = "$(TARGET_NAME)";
				SWIFT_EMIT_LOC_STRINGS = YES;
				SWIFT_VERSION = 5.0;
				TARGETED_DEVICE_FAMILY = "1,2";
			};
			name = Release;
		};
		7D131E9B2C0C748B008FD945 /* Debug */ = {
			isa = XCBuildConfiguration;
			buildSettings = {
				ALWAYS_EMBED_SWIFT_STANDARD_LIBRARIES = YES;
				BUNDLE_LOADER = "$(TEST_HOST)";
				CODE_SIGN_STYLE = Automatic;
				CURRENT_PROJECT_VERSION = 1;
				GENERATE_INFOPLIST_FILE = YES;
				IPHONEOS_DEPLOYMENT_TARGET = 17.5;
				MARKETING_VERSION = 1.0;
				PRODUCT_BUNDLE_IDENTIFIER = "the2rage.alias-gameTests";
				PRODUCT_NAME = "$(TARGET_NAME)";
				SWIFT_EMIT_LOC_STRINGS = NO;
				SWIFT_VERSION = 5.0;
				TARGETED_DEVICE_FAMILY = "1,2";
				TEST_HOST = "$(BUILT_PRODUCTS_DIR)/alias-game.app/$(BUNDLE_EXECUTABLE_FOLDER_PATH)/alias-game";
			};
			name = Debug;
		};
		7D131E9C2C0C748B008FD945 /* Release */ = {
			isa = XCBuildConfiguration;
			buildSettings = {
				ALWAYS_EMBED_SWIFT_STANDARD_LIBRARIES = YES;
				BUNDLE_LOADER = "$(TEST_HOST)";
				CODE_SIGN_STYLE = Automatic;
				CURRENT_PROJECT_VERSION = 1;
				GENERATE_INFOPLIST_FILE = YES;
				IPHONEOS_DEPLOYMENT_TARGET = 17.5;
				MARKETING_VERSION = 1.0;
				PRODUCT_BUNDLE_IDENTIFIER = "the2rage.alias-gameTests";
				PRODUCT_NAME = "$(TARGET_NAME)";
				SWIFT_EMIT_LOC_STRINGS = NO;
				SWIFT_VERSION = 5.0;
				TARGETED_DEVICE_FAMILY = "1,2";
				TEST_HOST = "$(BUILT_PRODUCTS_DIR)/alias-game.app/$(BUNDLE_EXECUTABLE_FOLDER_PATH)/alias-game";
			};
			name = Release;
		};
		7D131E9E2C0C748B008FD945 /* Debug */ = {
			isa = XCBuildConfiguration;
			buildSettings = {
				ALWAYS_EMBED_SWIFT_STANDARD_LIBRARIES = YES;
				CODE_SIGN_STYLE = Automatic;
				CURRENT_PROJECT_VERSION = 1;
				GENERATE_INFOPLIST_FILE = YES;
				MARKETING_VERSION = 1.0;
				PRODUCT_BUNDLE_IDENTIFIER = "the2rage.alias-gameUITests";
				PRODUCT_NAME = "$(TARGET_NAME)";
				SWIFT_EMIT_LOC_STRINGS = NO;
				SWIFT_VERSION = 5.0;
				TARGETED_DEVICE_FAMILY = "1,2";
				TEST_TARGET_NAME = "alias-game";
			};
			name = Debug;
		};
		7D131E9F2C0C748B008FD945 /* Release */ = {
			isa = XCBuildConfiguration;
			buildSettings = {
				ALWAYS_EMBED_SWIFT_STANDARD_LIBRARIES = YES;
				CODE_SIGN_STYLE = Automatic;
				CURRENT_PROJECT_VERSION = 1;
				GENERATE_INFOPLIST_FILE = YES;
				MARKETING_VERSION = 1.0;
				PRODUCT_BUNDLE_IDENTIFIER = "the2rage.alias-gameUITests";
				PRODUCT_NAME = "$(TARGET_NAME)";
				SWIFT_EMIT_LOC_STRINGS = NO;
				SWIFT_VERSION = 5.0;
				TARGETED_DEVICE_FAMILY = "1,2";
				TEST_TARGET_NAME = "alias-game";
			};
			name = Release;
		};
/* End XCBuildConfiguration section */

/* Begin XCConfigurationList section */
		7D131E6E2C0C748A008FD945 /* Build configuration list for PBXProject "alias-game" */ = {
			isa = XCConfigurationList;
			buildConfigurations = (
				7D131E952C0C748B008FD945 /* Debug */,
				7D131E962C0C748B008FD945 /* Release */,
			);
			defaultConfigurationIsVisible = 0;
			defaultConfigurationName = Release;
		};
		7D131E972C0C748B008FD945 /* Build configuration list for PBXNativeTarget "alias-game" */ = {
			isa = XCConfigurationList;
			buildConfigurations = (
				7D131E982C0C748B008FD945 /* Debug */,
				7D131E992C0C748B008FD945 /* Release */,
			);
			defaultConfigurationIsVisible = 0;
			defaultConfigurationName = Release;
		};
		7D131E9A2C0C748B008FD945 /* Build configuration list for PBXNativeTarget "alias-gameTests" */ = {
			isa = XCConfigurationList;
			buildConfigurations = (
				7D131E9B2C0C748B008FD945 /* Debug */,
				7D131E9C2C0C748B008FD945 /* Release */,
			);
			defaultConfigurationIsVisible = 0;
			defaultConfigurationName = Release;
		};
		7D131E9D2C0C748B008FD945 /* Build configuration list for PBXNativeTarget "alias-gameUITests" */ = {
			isa = XCConfigurationList;
			buildConfigurations = (
				7D131E9E2C0C748B008FD945 /* Debug */,
				7D131E9F2C0C748B008FD945 /* Release */,
			);
			defaultConfigurationIsVisible = 0;
			defaultConfigurationName = Release;
		};
/* End XCConfigurationList section */
	};
	rootObject = 7D131E6B2C0C748A008FD945 /* Project object */;
}
